// !$*UTF8*$!
{
	archiveVersion = 1;
	classes = {
	};
	objectVersion = 46;
	objects = {

/* Begin PBXBuildFile section */
		670110CC1C95592A00ECC79F /* FeedlyAPISpec.swift in Sources */ = {isa = PBXBuildFile; fileRef = 670110CB1C95592A00ECC79F /* FeedlyAPISpec.swift */; };
		670110D01C955FED00ECC79F /* MusicFeederAPIClient.swift in Sources */ = {isa = PBXBuildFile; fileRef = 670110CF1C955FED00ECC79F /* MusicFeederAPIClient.swift */; };
		6705761A1BDE60400087063A /* HistoryStore.swift in Sources */ = {isa = PBXBuildFile; fileRef = 670576191BDE60400087063A /* HistoryStore.swift */; };
		6705761C1BDE73A00087063A /* HistoryLoader.swift in Sources */ = {isa = PBXBuildFile; fileRef = 6705761B1BDE73A00087063A /* HistoryLoader.swift */; };
		670576221BE4E9C60087063A /* History.swift in Sources */ = {isa = PBXBuildFile; fileRef = 670576211BE4E9C60087063A /* History.swift */; };
		671132821BC1212E00A036B0 /* EntryStore.swift in Sources */ = {isa = PBXBuildFile; fileRef = 671132801BC1212E00A036B0 /* EntryStore.swift */; };
		671132831BC1212E00A036B0 /* SavedStreamLoader.swift in Sources */ = {isa = PBXBuildFile; fileRef = 671132811BC1212E00A036B0 /* SavedStreamLoader.swift */; };
		67120B3F1C18821C00240F8B /* RealmMigration.swift in Sources */ = {isa = PBXBuildFile; fileRef = 67120B3E1C18821C00240F8B /* RealmMigration.swift */; };
		671841DE1CD2D40B005904EF /* Topic.swift in Sources */ = {isa = PBXBuildFile; fileRef = 671841DD1CD2D40B005904EF /* Topic.swift */; };
		671841E71CD2E1E2005904EF /* TopicRepository.swift in Sources */ = {isa = PBXBuildFile; fileRef = 671841E61CD2E1E2005904EF /* TopicRepository.swift */; };
		678305831B987B9600A83F52 /* SubscriptionStore.swift in Sources */ = {isa = PBXBuildFile; fileRef = 678305821B987B9600A83F52 /* SubscriptionStore.swift */; };
		678305851B9897A000A83F52 /* CategoryStore.swift in Sources */ = {isa = PBXBuildFile; fileRef = 678305841B9897A000A83F52 /* CategoryStore.swift */; };
		67916DB01BAEB767004419B0 /* Breit.framework in CopyFiles */ = {isa = PBXBuildFile; fileRef = 67D2657E1BACE16B000240FB /* Breit.framework */; settings = {ATTRIBUTES = (CodeSignOnCopy, RemoveHeadersOnCopy, ); }; };
		67916DB11BAEB767004419B0 /* SnapKit.framework in CopyFiles */ = {isa = PBXBuildFile; fileRef = 67D2657F1BACE16B000240FB /* SnapKit.framework */; settings = {ATTRIBUTES = (CodeSignOnCopy, RemoveHeadersOnCopy, ); }; };
		67916DB21BAEB767004419B0 /* WebImage.framework in CopyFiles */ = {isa = PBXBuildFile; fileRef = 67D265801BACE16B000240FB /* WebImage.framework */; settings = {ATTRIBUTES = (CodeSignOnCopy, RemoveHeadersOnCopy, ); }; };
		67916DB31BAEB767004419B0 /* SoundCloudKit.framework in CopyFiles */ = {isa = PBXBuildFile; fileRef = 67FCFAA01B946CED008359BB /* SoundCloudKit.framework */; settings = {ATTRIBUTES = (CodeSignOnCopy, RemoveHeadersOnCopy, ); }; };
		67916DB41BAEB767004419B0 /* Nimble.framework in CopyFiles */ = {isa = PBXBuildFile; fileRef = 6713B07B1B7379DD003A1450 /* Nimble.framework */; settings = {ATTRIBUTES = (CodeSignOnCopy, RemoveHeadersOnCopy, ); }; };
		67916DB51BAEB767004419B0 /* Quick.framework in CopyFiles */ = {isa = PBXBuildFile; fileRef = 6713B07C1B7379DD003A1450 /* Quick.framework */; settings = {ATTRIBUTES = (CodeSignOnCopy, RemoveHeadersOnCopy, ); }; };
		67916DB61BAEB768004419B0 /* FeedlyKit.framework in CopyFiles */ = {isa = PBXBuildFile; fileRef = 6713B0631B7379CB003A1450 /* FeedlyKit.framework */; settings = {ATTRIBUTES = (CodeSignOnCopy, RemoveHeadersOnCopy, ); }; };
		67916DB71BAEB768004419B0 /* PlayerKit.framework in CopyFiles */ = {isa = PBXBuildFile; fileRef = 6713B0641B7379CB003A1450 /* PlayerKit.framework */; settings = {ATTRIBUTES = (CodeSignOnCopy, RemoveHeadersOnCopy, ); }; };
		67916DB81BAEB768004419B0 /* ReactiveCocoa.framework in CopyFiles */ = {isa = PBXBuildFile; fileRef = 6713B0651B7379CB003A1450 /* ReactiveCocoa.framework */; settings = {ATTRIBUTES = (CodeSignOnCopy, RemoveHeadersOnCopy, ); }; };
		67916DB91BAEB768004419B0 /* Realm.framework in CopyFiles */ = {isa = PBXBuildFile; fileRef = 6713B0661B7379CB003A1450 /* Realm.framework */; settings = {ATTRIBUTES = (CodeSignOnCopy, RemoveHeadersOnCopy, ); }; };
		67916DBA1BAEB768004419B0 /* Result.framework in CopyFiles */ = {isa = PBXBuildFile; fileRef = 6713B0671B7379CB003A1450 /* Result.framework */; settings = {ATTRIBUTES = (CodeSignOnCopy, RemoveHeadersOnCopy, ); }; };
		67916DBB1BAEB768004419B0 /* SwiftyJSON.framework in CopyFiles */ = {isa = PBXBuildFile; fileRef = 6713B0681B7379CB003A1450 /* SwiftyJSON.framework */; settings = {ATTRIBUTES = (CodeSignOnCopy, RemoveHeadersOnCopy, ); }; };
		67916DBC1BAEB768004419B0 /* XCDYouTubeKit.framework in CopyFiles */ = {isa = PBXBuildFile; fileRef = 6713B0691B7379CB003A1450 /* XCDYouTubeKit.framework */; settings = {ATTRIBUTES = (CodeSignOnCopy, RemoveHeadersOnCopy, ); }; };
		67916DBD1BAEB768004419B0 /* Alamofire.framework in CopyFiles */ = {isa = PBXBuildFile; fileRef = 6713B0601B73798E003A1450 /* Alamofire.framework */; settings = {ATTRIBUTES = (CodeSignOnCopy, RemoveHeadersOnCopy, ); }; };
		679C52D51B70F3DD00BE6614 /* PinkSpiderAPIClient.swift in Sources */ = {isa = PBXBuildFile; fileRef = 6705059D1B6E1398006EAA84 /* PinkSpiderAPIClient.swift */; };
		679C52D61B70F3DD00BE6614 /* Playlist.swift in Sources */ = {isa = PBXBuildFile; fileRef = 6705059F1B6E1398006EAA84 /* Playlist.swift */; };
		679C52D71B70F3DD00BE6614 /* PlaylistLoader.swift in Sources */ = {isa = PBXBuildFile; fileRef = 670505A01B6E1398006EAA84 /* PlaylistLoader.swift */; };
		679C52D81B70F3DD00BE6614 /* PlaylistStore.swift in Sources */ = {isa = PBXBuildFile; fileRef = 670505A11B6E1398006EAA84 /* PlaylistStore.swift */; };
		679C52DA1B70F3DD00BE6614 /* StreamLoader.swift in Sources */ = {isa = PBXBuildFile; fileRef = 670505A31B6E1398006EAA84 /* StreamLoader.swift */; };
		679C52DB1B70F3DD00BE6614 /* Track.swift in Sources */ = {isa = PBXBuildFile; fileRef = 670505A41B6E1398006EAA84 /* Track.swift */; };
		679C52DC1B70F3DD00BE6614 /* TrackStore.swift in Sources */ = {isa = PBXBuildFile; fileRef = 670505A51B6E1398006EAA84 /* TrackStore.swift */; };
		679C52DE1B70F3DD00BE6614 /* Category.swift in Sources */ = {isa = PBXBuildFile; fileRef = 67FBBE321B6CE76300B567CB /* Category.swift */; };
		679C52E01B70F3DD00BE6614 /* Entry.swift in Sources */ = {isa = PBXBuildFile; fileRef = 67FBBE341B6CE76300B567CB /* Entry.swift */; };
		679C52E11B70F3DD00BE6614 /* CloudAPIClientExtension.swift in Sources */ = {isa = PBXBuildFile; fileRef = 67FBBE351B6CE76300B567CB /* CloudAPIClientExtension.swift */; };
		679C52E31B70F3DD00BE6614 /* StreamListLoader.swift in Sources */ = {isa = PBXBuildFile; fileRef = 67FBBE3B1B6CE76300B567CB /* StreamListLoader.swift */; };
		679C52E51B70F3DD00BE6614 /* XCDYouTubeClient.swift in Sources */ = {isa = PBXBuildFile; fileRef = 67FBBE401B6CE76300B567CB /* XCDYouTubeClient.swift */; };
		679C52F41B70F3FC00BE6614 /* playlist.json in Resources */ = {isa = PBXBuildFile; fileRef = 679C51DD1B70E4B600BE6614 /* playlist.json */; };
		679C52F51B70F3FC00BE6614 /* track.json in Resources */ = {isa = PBXBuildFile; fileRef = 679C51DE1B70E4B600BE6614 /* track.json */; };
		679C532D1B70F68600BE6614 /* SpecHelper.swift in Sources */ = {isa = PBXBuildFile; fileRef = 679C51D71B70E44000BE6614 /* SpecHelper.swift */; };
		679C532E1B70F69500BE6614 /* TrackSpec.swift in Sources */ = {isa = PBXBuildFile; fileRef = 679C51D81B70E44000BE6614 /* TrackSpec.swift */; };
		679C532F1B70F6A900BE6614 /* PlaylistSpec.swift in Sources */ = {isa = PBXBuildFile; fileRef = 679C51D61B70E44000BE6614 /* PlaylistSpec.swift */; };
		679C53521B72385900BE6614 /* Player.swift in Sources */ = {isa = PBXBuildFile; fileRef = 679C53511B72385900BE6614 /* Player.swift */; };
		67AD468C1C0F2C2E0058E176 /* ListenItLaterEntryStore.swift in Sources */ = {isa = PBXBuildFile; fileRef = 67AD468B1C0F2C2E0058E176 /* ListenItLaterEntryStore.swift */; };
		67BCCEA91CAFBF6E00310AF3 /* TrackStream.swift in Sources */ = {isa = PBXBuildFile; fileRef = 67BCCEA81CAFBF6E00310AF3 /* TrackStream.swift */; };
		67D265731BACE16A000240FB /* Alamofire.framework in Frameworks */ = {isa = PBXBuildFile; fileRef = 6713B0601B73798E003A1450 /* Alamofire.framework */; };
		67D265741BACE16A000240FB /* FeedlyKit.framework in Frameworks */ = {isa = PBXBuildFile; fileRef = 6713B0631B7379CB003A1450 /* FeedlyKit.framework */; };
		67D265751BACE16A000240FB /* Nimble.framework in Frameworks */ = {isa = PBXBuildFile; fileRef = 6713B07B1B7379DD003A1450 /* Nimble.framework */; };
		67D265761BACE16A000240FB /* PlayerKit.framework in Frameworks */ = {isa = PBXBuildFile; fileRef = 6713B0641B7379CB003A1450 /* PlayerKit.framework */; };
		67D265771BACE16A000240FB /* Quick.framework in Frameworks */ = {isa = PBXBuildFile; fileRef = 6713B07C1B7379DD003A1450 /* Quick.framework */; };
		67D265781BACE16A000240FB /* ReactiveCocoa.framework in Frameworks */ = {isa = PBXBuildFile; fileRef = 6713B0651B7379CB003A1450 /* ReactiveCocoa.framework */; };
		67D265791BACE16A000240FB /* Realm.framework in Frameworks */ = {isa = PBXBuildFile; fileRef = 6713B0661B7379CB003A1450 /* Realm.framework */; };
		67D2657A1BACE16A000240FB /* Result.framework in Frameworks */ = {isa = PBXBuildFile; fileRef = 6713B0671B7379CB003A1450 /* Result.framework */; };
		67D2657B1BACE16A000240FB /* SoundCloudKit.framework in Frameworks */ = {isa = PBXBuildFile; fileRef = 67FCFAA01B946CED008359BB /* SoundCloudKit.framework */; };
		67D2657C1BACE16A000240FB /* SwiftyJSON.framework in Frameworks */ = {isa = PBXBuildFile; fileRef = 6713B0681B7379CB003A1450 /* SwiftyJSON.framework */; };
		67D2657D1BACE16A000240FB /* XCDYouTubeKit.framework in Frameworks */ = {isa = PBXBuildFile; fileRef = 6713B0691B7379CB003A1450 /* XCDYouTubeKit.framework */; };
		67D265811BACE16B000240FB /* Breit.framework in Frameworks */ = {isa = PBXBuildFile; fileRef = 67D2657E1BACE16B000240FB /* Breit.framework */; };
		67D265821BACE16B000240FB /* SnapKit.framework in Frameworks */ = {isa = PBXBuildFile; fileRef = 67D2657F1BACE16B000240FB /* SnapKit.framework */; };
		67D265831BACE16B000240FB /* WebImage.framework in Frameworks */ = {isa = PBXBuildFile; fileRef = 67D265801BACE16B000240FB /* WebImage.framework */; };
		67D265841BACE17B000240FB /* Alamofire.framework in Frameworks */ = {isa = PBXBuildFile; fileRef = 6713B0601B73798E003A1450 /* Alamofire.framework */; };
		67D265851BACE17B000240FB /* Breit.framework in Frameworks */ = {isa = PBXBuildFile; fileRef = 67D2657E1BACE16B000240FB /* Breit.framework */; };
		67D265861BACE17B000240FB /* FeedlyKit.framework in Frameworks */ = {isa = PBXBuildFile; fileRef = 6713B0631B7379CB003A1450 /* FeedlyKit.framework */; };
		67D265881BACE17B000240FB /* PlayerKit.framework in Frameworks */ = {isa = PBXBuildFile; fileRef = 6713B0641B7379CB003A1450 /* PlayerKit.framework */; };
		67D2658A1BACE17B000240FB /* ReactiveCocoa.framework in Frameworks */ = {isa = PBXBuildFile; fileRef = 6713B0651B7379CB003A1450 /* ReactiveCocoa.framework */; };
		67D2658B1BACE17B000240FB /* Realm.framework in Frameworks */ = {isa = PBXBuildFile; fileRef = 6713B0661B7379CB003A1450 /* Realm.framework */; };
		67D2658C1BACE17B000240FB /* Result.framework in Frameworks */ = {isa = PBXBuildFile; fileRef = 6713B0671B7379CB003A1450 /* Result.framework */; };
		67D2658D1BACE17B000240FB /* SnapKit.framework in Frameworks */ = {isa = PBXBuildFile; fileRef = 67D2657F1BACE16B000240FB /* SnapKit.framework */; };
		67D2658E1BACE17B000240FB /* SoundCloudKit.framework in Frameworks */ = {isa = PBXBuildFile; fileRef = 67FCFAA01B946CED008359BB /* SoundCloudKit.framework */; };
		67D2658F1BACE17B000240FB /* SwiftyJSON.framework in Frameworks */ = {isa = PBXBuildFile; fileRef = 6713B0681B7379CB003A1450 /* SwiftyJSON.framework */; };
		67D265901BACE17B000240FB /* WebImage.framework in Frameworks */ = {isa = PBXBuildFile; fileRef = 67D265801BACE16B000240FB /* WebImage.framework */; };
		67D265911BACE17B000240FB /* XCDYouTubeKit.framework in Frameworks */ = {isa = PBXBuildFile; fileRef = 6713B0691B7379CB003A1450 /* XCDYouTubeKit.framework */; };
		67D7F3461CAD33DE00C173B4 /* TrackStreamLoader.swift in Sources */ = {isa = PBXBuildFile; fileRef = 67D7F3451CAD33DE00C173B4 /* TrackStreamLoader.swift */; };
		67D7F34A1CAD348200C173B4 /* PaginatedCollectionLoader.swift in Sources */ = {isa = PBXBuildFile; fileRef = 67D7F3491CAD348200C173B4 /* PaginatedCollectionLoader.swift */; };
/* End PBXBuildFile section */

/* Begin PBXContainerItemProxy section */
		679C52881B70F24A00BE6614 /* PBXContainerItemProxy */ = {
			isa = PBXContainerItemProxy;
			containerPortal = 67FBBDFD1B6CE43100B567CB /* Project object */;
			proxyType = 1;
			remoteGlobalIDString = 679C527B1B70F24A00BE6614;
			remoteInfo = "MusicFeeder-iOS";
		};
/* End PBXContainerItemProxy section */

/* Begin PBXCopyFilesBuildPhase section */
		679C53161B70F63A00BE6614 /* CopyFiles */ = {
			isa = PBXCopyFilesBuildPhase;
			buildActionMask = 2147483647;
			dstPath = "";
			dstSubfolderSpec = 10;
			files = (
				67916DB01BAEB767004419B0 /* Breit.framework in CopyFiles */,
				67916DB11BAEB767004419B0 /* SnapKit.framework in CopyFiles */,
				67916DB21BAEB767004419B0 /* WebImage.framework in CopyFiles */,
				67916DB31BAEB767004419B0 /* SoundCloudKit.framework in CopyFiles */,
				67916DB41BAEB767004419B0 /* Nimble.framework in CopyFiles */,
				67916DB51BAEB767004419B0 /* Quick.framework in CopyFiles */,
				67916DB61BAEB768004419B0 /* FeedlyKit.framework in CopyFiles */,
				67916DB71BAEB768004419B0 /* PlayerKit.framework in CopyFiles */,
				67916DB81BAEB768004419B0 /* ReactiveCocoa.framework in CopyFiles */,
				67916DB91BAEB768004419B0 /* Realm.framework in CopyFiles */,
				67916DBA1BAEB768004419B0 /* Result.framework in CopyFiles */,
				67916DBB1BAEB768004419B0 /* SwiftyJSON.framework in CopyFiles */,
				67916DBC1BAEB768004419B0 /* XCDYouTubeKit.framework in CopyFiles */,
				67916DBD1BAEB768004419B0 /* Alamofire.framework in CopyFiles */,
			);
			runOnlyForDeploymentPostprocessing = 0;
		};
/* End PBXCopyFilesBuildPhase section */

/* Begin PBXFileReference section */
		670110CB1C95592A00ECC79F /* FeedlyAPISpec.swift */ = {isa = PBXFileReference; fileEncoding = 4; lastKnownFileType = sourcecode.swift; name = FeedlyAPISpec.swift; path = Spec/FeedlyAPISpec.swift; sourceTree = SOURCE_ROOT; };
		670110CF1C955FED00ECC79F /* MusicFeederAPIClient.swift */ = {isa = PBXFileReference; fileEncoding = 4; lastKnownFileType = sourcecode.swift; name = MusicFeederAPIClient.swift; path = Source/MusicFeederAPIClient.swift; sourceTree = SOURCE_ROOT; };
		6705059D1B6E1398006EAA84 /* PinkSpiderAPIClient.swift */ = {isa = PBXFileReference; fileEncoding = 4; lastKnownFileType = sourcecode.swift; name = PinkSpiderAPIClient.swift; path = Source/PinkSpiderAPIClient.swift; sourceTree = SOURCE_ROOT; };
		6705059F1B6E1398006EAA84 /* Playlist.swift */ = {isa = PBXFileReference; fileEncoding = 4; lastKnownFileType = sourcecode.swift; name = Playlist.swift; path = Source/Playlist.swift; sourceTree = SOURCE_ROOT; };
		670505A01B6E1398006EAA84 /* PlaylistLoader.swift */ = {isa = PBXFileReference; fileEncoding = 4; lastKnownFileType = sourcecode.swift; name = PlaylistLoader.swift; path = Source/PlaylistLoader.swift; sourceTree = SOURCE_ROOT; };
		670505A11B6E1398006EAA84 /* PlaylistStore.swift */ = {isa = PBXFileReference; fileEncoding = 4; lastKnownFileType = sourcecode.swift; name = PlaylistStore.swift; path = Source/PlaylistStore.swift; sourceTree = SOURCE_ROOT; };
		670505A31B6E1398006EAA84 /* StreamLoader.swift */ = {isa = PBXFileReference; fileEncoding = 4; lastKnownFileType = sourcecode.swift; name = StreamLoader.swift; path = Source/StreamLoader.swift; sourceTree = SOURCE_ROOT; };
		670505A41B6E1398006EAA84 /* Track.swift */ = {isa = PBXFileReference; fileEncoding = 4; lastKnownFileType = sourcecode.swift; name = Track.swift; path = Source/Track.swift; sourceTree = SOURCE_ROOT; };
		670505A51B6E1398006EAA84 /* TrackStore.swift */ = {isa = PBXFileReference; fileEncoding = 4; lastKnownFileType = sourcecode.swift; name = TrackStore.swift; path = Source/TrackStore.swift; sourceTree = SOURCE_ROOT; };
		670576191BDE60400087063A /* HistoryStore.swift */ = {isa = PBXFileReference; fileEncoding = 4; lastKnownFileType = sourcecode.swift; name = HistoryStore.swift; path = Source/HistoryStore.swift; sourceTree = SOURCE_ROOT; };
		6705761B1BDE73A00087063A /* HistoryLoader.swift */ = {isa = PBXFileReference; fileEncoding = 4; lastKnownFileType = sourcecode.swift; name = HistoryLoader.swift; path = Source/HistoryLoader.swift; sourceTree = SOURCE_ROOT; };
		670576211BE4E9C60087063A /* History.swift */ = {isa = PBXFileReference; fileEncoding = 4; lastKnownFileType = sourcecode.swift; name = History.swift; path = Source/History.swift; sourceTree = SOURCE_ROOT; };
		671132801BC1212E00A036B0 /* EntryStore.swift */ = {isa = PBXFileReference; fileEncoding = 4; lastKnownFileType = sourcecode.swift; name = EntryStore.swift; path = Source/EntryStore.swift; sourceTree = SOURCE_ROOT; };
		671132811BC1212E00A036B0 /* SavedStreamLoader.swift */ = {isa = PBXFileReference; fileEncoding = 4; lastKnownFileType = sourcecode.swift; name = SavedStreamLoader.swift; path = Source/SavedStreamLoader.swift; sourceTree = SOURCE_ROOT; };
		67120B3E1C18821C00240F8B /* RealmMigration.swift */ = {isa = PBXFileReference; fileEncoding = 4; lastKnownFileType = sourcecode.swift; name = RealmMigration.swift; path = Source/RealmMigration.swift; sourceTree = SOURCE_ROOT; };
		6713B0601B73798E003A1450 /* Alamofire.framework */ = {isa = PBXFileReference; lastKnownFileType = wrapper.framework; name = Alamofire.framework; path = Carthage/Build/iOS/Alamofire.framework; sourceTree = "<group>"; };
		6713B0631B7379CB003A1450 /* FeedlyKit.framework */ = {isa = PBXFileReference; lastKnownFileType = wrapper.framework; name = FeedlyKit.framework; path = Carthage/Build/iOS/FeedlyKit.framework; sourceTree = "<group>"; };
		6713B0641B7379CB003A1450 /* PlayerKit.framework */ = {isa = PBXFileReference; lastKnownFileType = wrapper.framework; name = PlayerKit.framework; path = Carthage/Build/iOS/PlayerKit.framework; sourceTree = "<group>"; };
		6713B0651B7379CB003A1450 /* ReactiveCocoa.framework */ = {isa = PBXFileReference; lastKnownFileType = wrapper.framework; name = ReactiveCocoa.framework; path = Carthage/Build/iOS/ReactiveCocoa.framework; sourceTree = "<group>"; };
		6713B0661B7379CB003A1450 /* Realm.framework */ = {isa = PBXFileReference; lastKnownFileType = wrapper.framework; name = Realm.framework; path = Carthage/Build/iOS/Realm.framework; sourceTree = "<group>"; };
		6713B0671B7379CB003A1450 /* Result.framework */ = {isa = PBXFileReference; lastKnownFileType = wrapper.framework; name = Result.framework; path = Carthage/Build/iOS/Result.framework; sourceTree = "<group>"; };
		6713B0681B7379CB003A1450 /* SwiftyJSON.framework */ = {isa = PBXFileReference; lastKnownFileType = wrapper.framework; name = SwiftyJSON.framework; path = Carthage/Build/iOS/SwiftyJSON.framework; sourceTree = "<group>"; };
		6713B0691B7379CB003A1450 /* XCDYouTubeKit.framework */ = {isa = PBXFileReference; lastKnownFileType = wrapper.framework; name = XCDYouTubeKit.framework; path = Carthage/Build/iOS/XCDYouTubeKit.framework; sourceTree = "<group>"; };
		6713B07B1B7379DD003A1450 /* Nimble.framework */ = {isa = PBXFileReference; lastKnownFileType = wrapper.framework; name = Nimble.framework; path = Carthage/Build/iOS/Nimble.framework; sourceTree = "<group>"; };
		6713B07C1B7379DD003A1450 /* Quick.framework */ = {isa = PBXFileReference; lastKnownFileType = wrapper.framework; name = Quick.framework; path = Carthage/Build/iOS/Quick.framework; sourceTree = "<group>"; };
		671841DD1CD2D40B005904EF /* Topic.swift */ = {isa = PBXFileReference; fileEncoding = 4; lastKnownFileType = sourcecode.swift; name = Topic.swift; path = Source/Topic.swift; sourceTree = SOURCE_ROOT; };
		671841E61CD2E1E2005904EF /* TopicRepository.swift */ = {isa = PBXFileReference; fileEncoding = 4; lastKnownFileType = sourcecode.swift; name = TopicRepository.swift; path = Source/TopicRepository.swift; sourceTree = SOURCE_ROOT; };
		678305821B987B9600A83F52 /* SubscriptionStore.swift */ = {isa = PBXFileReference; fileEncoding = 4; lastKnownFileType = sourcecode.swift; name = SubscriptionStore.swift; path = Source/SubscriptionStore.swift; sourceTree = SOURCE_ROOT; };
		678305841B9897A000A83F52 /* CategoryStore.swift */ = {isa = PBXFileReference; fileEncoding = 4; lastKnownFileType = sourcecode.swift; name = CategoryStore.swift; path = Source/CategoryStore.swift; sourceTree = SOURCE_ROOT; };
		679C51D61B70E44000BE6614 /* PlaylistSpec.swift */ = {isa = PBXFileReference; fileEncoding = 4; lastKnownFileType = sourcecode.swift; name = PlaylistSpec.swift; path = Spec/PlaylistSpec.swift; sourceTree = SOURCE_ROOT; };
		679C51D71B70E44000BE6614 /* SpecHelper.swift */ = {isa = PBXFileReference; fileEncoding = 4; lastKnownFileType = sourcecode.swift; name = SpecHelper.swift; path = Spec/SpecHelper.swift; sourceTree = SOURCE_ROOT; };
		679C51D81B70E44000BE6614 /* TrackSpec.swift */ = {isa = PBXFileReference; fileEncoding = 4; lastKnownFileType = sourcecode.swift; name = TrackSpec.swift; path = Spec/TrackSpec.swift; sourceTree = SOURCE_ROOT; };
		679C51DD1B70E4B600BE6614 /* playlist.json */ = {isa = PBXFileReference; fileEncoding = 4; lastKnownFileType = text.json; name = playlist.json; path = Fixtures/playlist.json; sourceTree = SOURCE_ROOT; };
		679C51DE1B70E4B600BE6614 /* track.json */ = {isa = PBXFileReference; fileEncoding = 4; lastKnownFileType = text.json; name = track.json; path = Fixtures/track.json; sourceTree = SOURCE_ROOT; };
		679C527C1B70F24A00BE6614 /* MusicFeeder.framework */ = {isa = PBXFileReference; explicitFileType = wrapper.framework; includeInIndex = 0; path = MusicFeeder.framework; sourceTree = BUILT_PRODUCTS_DIR; };
		679C52861B70F24A00BE6614 /* MusicFeeder-iOSTests.xctest */ = {isa = PBXFileReference; explicitFileType = wrapper.cfbundle; includeInIndex = 0; path = "MusicFeeder-iOSTests.xctest"; sourceTree = BUILT_PRODUCTS_DIR; };
		679C53511B72385900BE6614 /* Player.swift */ = {isa = PBXFileReference; fileEncoding = 4; lastKnownFileType = sourcecode.swift; name = Player.swift; path = Source/Player.swift; sourceTree = SOURCE_ROOT; };
		67AD468B1C0F2C2E0058E176 /* ListenItLaterEntryStore.swift */ = {isa = PBXFileReference; fileEncoding = 4; lastKnownFileType = sourcecode.swift; name = ListenItLaterEntryStore.swift; path = Source/ListenItLaterEntryStore.swift; sourceTree = SOURCE_ROOT; };
		67BCCEA81CAFBF6E00310AF3 /* TrackStream.swift */ = {isa = PBXFileReference; fileEncoding = 4; lastKnownFileType = sourcecode.swift; name = TrackStream.swift; path = Source/TrackStream.swift; sourceTree = SOURCE_ROOT; };
		67D2657E1BACE16B000240FB /* Breit.framework */ = {isa = PBXFileReference; lastKnownFileType = wrapper.framework; name = Breit.framework; path = Carthage/Build/iOS/Breit.framework; sourceTree = "<group>"; };
		67D2657F1BACE16B000240FB /* SnapKit.framework */ = {isa = PBXFileReference; lastKnownFileType = wrapper.framework; name = SnapKit.framework; path = Carthage/Build/iOS/SnapKit.framework; sourceTree = "<group>"; };
		67D265801BACE16B000240FB /* WebImage.framework */ = {isa = PBXFileReference; lastKnownFileType = wrapper.framework; name = WebImage.framework; path = Carthage/Build/iOS/WebImage.framework; sourceTree = "<group>"; };
		67D7F3451CAD33DE00C173B4 /* TrackStreamLoader.swift */ = {isa = PBXFileReference; fileEncoding = 4; lastKnownFileType = sourcecode.swift; name = TrackStreamLoader.swift; path = Source/TrackStreamLoader.swift; sourceTree = SOURCE_ROOT; };
		67D7F3491CAD348200C173B4 /* PaginatedCollectionLoader.swift */ = {isa = PBXFileReference; fileEncoding = 4; lastKnownFileType = sourcecode.swift; name = PaginatedCollectionLoader.swift; path = Source/PaginatedCollectionLoader.swift; sourceTree = SOURCE_ROOT; };
		67FBBE271B6CE4EF00B567CB /* Info.plist */ = {isa = PBXFileReference; fileEncoding = 4; lastKnownFileType = text.plist.xml; name = Info.plist; path = Spec/Info.plist; sourceTree = SOURCE_ROOT; };
		67FBBE2D1B6CE61C00B567CB /* Info.plist */ = {isa = PBXFileReference; fileEncoding = 4; lastKnownFileType = text.plist.xml; name = Info.plist; path = Source/Info.plist; sourceTree = SOURCE_ROOT; };
		67FBBE321B6CE76300B567CB /* Category.swift */ = {isa = PBXFileReference; fileEncoding = 4; lastKnownFileType = sourcecode.swift; name = Category.swift; path = Source/Category.swift; sourceTree = SOURCE_ROOT; };
		67FBBE341B6CE76300B567CB /* Entry.swift */ = {isa = PBXFileReference; fileEncoding = 4; lastKnownFileType = sourcecode.swift; name = Entry.swift; path = Source/Entry.swift; sourceTree = SOURCE_ROOT; };
		67FBBE351B6CE76300B567CB /* CloudAPIClientExtension.swift */ = {isa = PBXFileReference; fileEncoding = 4; lastKnownFileType = sourcecode.swift; name = CloudAPIClientExtension.swift; path = Source/CloudAPIClientExtension.swift; sourceTree = SOURCE_ROOT; };
		67FBBE3B1B6CE76300B567CB /* StreamListLoader.swift */ = {isa = PBXFileReference; fileEncoding = 4; lastKnownFileType = sourcecode.swift; name = StreamListLoader.swift; path = Source/StreamListLoader.swift; sourceTree = SOURCE_ROOT; };
		67FBBE401B6CE76300B567CB /* XCDYouTubeClient.swift */ = {isa = PBXFileReference; fileEncoding = 4; lastKnownFileType = sourcecode.swift; name = XCDYouTubeClient.swift; path = Source/XCDYouTubeClient.swift; sourceTree = SOURCE_ROOT; };
		67FCFAA01B946CED008359BB /* SoundCloudKit.framework */ = {isa = PBXFileReference; lastKnownFileType = wrapper.framework; name = SoundCloudKit.framework; path = Carthage/Build/iOS/SoundCloudKit.framework; sourceTree = "<group>"; };
/* End PBXFileReference section */

/* Begin PBXFrameworksBuildPhase section */
		679C52781B70F24A00BE6614 /* Frameworks */ = {
			isa = PBXFrameworksBuildPhase;
			buildActionMask = 2147483647;
			files = (
				67D265841BACE17B000240FB /* Alamofire.framework in Frameworks */,
				67D265851BACE17B000240FB /* Breit.framework in Frameworks */,
				67D265861BACE17B000240FB /* FeedlyKit.framework in Frameworks */,
				67D265881BACE17B000240FB /* PlayerKit.framework in Frameworks */,
				67D2658A1BACE17B000240FB /* ReactiveCocoa.framework in Frameworks */,
				67D2658B1BACE17B000240FB /* Realm.framework in Frameworks */,
				67D2658C1BACE17B000240FB /* Result.framework in Frameworks */,
				67D2658D1BACE17B000240FB /* SnapKit.framework in Frameworks */,
				67D2658E1BACE17B000240FB /* SoundCloudKit.framework in Frameworks */,
				67D2658F1BACE17B000240FB /* SwiftyJSON.framework in Frameworks */,
				67D265901BACE17B000240FB /* WebImage.framework in Frameworks */,
				67D265911BACE17B000240FB /* XCDYouTubeKit.framework in Frameworks */,
			);
			runOnlyForDeploymentPostprocessing = 0;
		};
		679C52831B70F24A00BE6614 /* Frameworks */ = {
			isa = PBXFrameworksBuildPhase;
			buildActionMask = 2147483647;
			files = (
				67D265811BACE16B000240FB /* Breit.framework in Frameworks */,
				67D265821BACE16B000240FB /* SnapKit.framework in Frameworks */,
				67D265831BACE16B000240FB /* WebImage.framework in Frameworks */,
				67D265731BACE16A000240FB /* Alamofire.framework in Frameworks */,
				67D265741BACE16A000240FB /* FeedlyKit.framework in Frameworks */,
				67D265751BACE16A000240FB /* Nimble.framework in Frameworks */,
				67D265761BACE16A000240FB /* PlayerKit.framework in Frameworks */,
				67D265771BACE16A000240FB /* Quick.framework in Frameworks */,
				67D265781BACE16A000240FB /* ReactiveCocoa.framework in Frameworks */,
				67D265791BACE16A000240FB /* Realm.framework in Frameworks */,
				67D2657A1BACE16A000240FB /* Result.framework in Frameworks */,
				67D2657B1BACE16A000240FB /* SoundCloudKit.framework in Frameworks */,
				67D2657C1BACE16A000240FB /* SwiftyJSON.framework in Frameworks */,
				67D2657D1BACE16A000240FB /* XCDYouTubeKit.framework in Frameworks */,
			);
			runOnlyForDeploymentPostprocessing = 0;
		};
/* End PBXFrameworksBuildPhase section */

/* Begin PBXGroup section */
		67120B401C1884C600240F8B /* Store */ = {
			isa = PBXGroup;
			children = (
				670505A11B6E1398006EAA84 /* PlaylistStore.swift */,
				678305841B9897A000A83F52 /* CategoryStore.swift */,
				67120B3E1C18821C00240F8B /* RealmMigration.swift */,
				671132801BC1212E00A036B0 /* EntryStore.swift */,
				670576191BDE60400087063A /* HistoryStore.swift */,
				670505A51B6E1398006EAA84 /* TrackStore.swift */,
				678305821B987B9600A83F52 /* SubscriptionStore.swift */,
				67AD468B1C0F2C2E0058E176 /* ListenItLaterEntryStore.swift */,
			);
			name = Store;
			sourceTree = "<group>";
		};
		671841E51CD2E1CF005904EF /* Repository */ = {
			isa = PBXGroup;
			children = (
				671841E61CD2E1E2005904EF /* TopicRepository.swift */,
			);
			name = Repository;
			sourceTree = "<group>";
		};
		679C51DC1B70E44800BE6614 /* Fixture */ = {
			isa = PBXGroup;
			children = (
				679C51DD1B70E4B600BE6614 /* playlist.json */,
				679C51DE1B70E4B600BE6614 /* track.json */,
			);
			name = Fixture;
			path = FeedlyClientTests;
			sourceTree = "<group>";
		};
		679C52751B70F16800BE6614 /* Frameworks */ = {
			isa = PBXGroup;
			children = (
				67D2657E1BACE16B000240FB /* Breit.framework */,
				67D2657F1BACE16B000240FB /* SnapKit.framework */,
				67D265801BACE16B000240FB /* WebImage.framework */,
				67FCFAA01B946CED008359BB /* SoundCloudKit.framework */,
				6713B07B1B7379DD003A1450 /* Nimble.framework */,
				6713B07C1B7379DD003A1450 /* Quick.framework */,
				6713B0631B7379CB003A1450 /* FeedlyKit.framework */,
				6713B0641B7379CB003A1450 /* PlayerKit.framework */,
				6713B0651B7379CB003A1450 /* ReactiveCocoa.framework */,
				6713B0661B7379CB003A1450 /* Realm.framework */,
				6713B0671B7379CB003A1450 /* Result.framework */,
				6713B0681B7379CB003A1450 /* SwiftyJSON.framework */,
				6713B0691B7379CB003A1450 /* XCDYouTubeKit.framework */,
				6713B0601B73798E003A1450 /* Alamofire.framework */,
			);
			name = Frameworks;
			sourceTree = "<group>";
		};
		67D7F3471CAD33E600C173B4 /* Loader */ = {
			isa = PBXGroup;
			children = (
				670505A01B6E1398006EAA84 /* PlaylistLoader.swift */,
				67D7F3491CAD348200C173B4 /* PaginatedCollectionLoader.swift */,
				670505A31B6E1398006EAA84 /* StreamLoader.swift */,
				671132811BC1212E00A036B0 /* SavedStreamLoader.swift */,
				67D7F3451CAD33DE00C173B4 /* TrackStreamLoader.swift */,
				67FBBE3B1B6CE76300B567CB /* StreamListLoader.swift */,
				6705761B1BDE73A00087063A /* HistoryLoader.swift */,
			);
			name = Loader;
			sourceTree = "<group>";
		};
		67D7F3481CAD340900C173B4 /* Model */ = {
			isa = PBXGroup;
			children = (
				670505A41B6E1398006EAA84 /* Track.swift */,
				6705059F1B6E1398006EAA84 /* Playlist.swift */,
				670576211BE4E9C60087063A /* History.swift */,
				67FBBE341B6CE76300B567CB /* Entry.swift */,
				67FBBE321B6CE76300B567CB /* Category.swift */,
				67BCCEA81CAFBF6E00310AF3 /* TrackStream.swift */,
				671841DD1CD2D40B005904EF /* Topic.swift */,
			);
			name = Model;
			sourceTree = "<group>";
		};
		67FBBDFC1B6CE43100B567CB = {
			isa = PBXGroup;
			children = (
				67FBBE081B6CE43100B567CB /* Source */,
				67FBBE151B6CE43100B567CB /* Spec */,
				679C51DC1B70E44800BE6614 /* Fixture */,
				67FBBE071B6CE43100B567CB /* Products */,
				679C52751B70F16800BE6614 /* Frameworks */,
			);
			sourceTree = "<group>";
		};
		67FBBE071B6CE43100B567CB /* Products */ = {
			isa = PBXGroup;
			children = (
				679C527C1B70F24A00BE6614 /* MusicFeeder.framework */,
				679C52861B70F24A00BE6614 /* MusicFeeder-iOSTests.xctest */,
			);
			name = Products;
			sourceTree = "<group>";
		};
		67FBBE081B6CE43100B567CB /* Source */ = {
			isa = PBXGroup;
			children = (
				671841E51CD2E1CF005904EF /* Repository */,
				67D7F3481CAD340900C173B4 /* Model */,
				67D7F3471CAD33E600C173B4 /* Loader */,
				67120B401C1884C600240F8B /* Store */,
				679C53511B72385900BE6614 /* Player.swift */,
				6705059D1B6E1398006EAA84 /* PinkSpiderAPIClient.swift */,
				67FBBE351B6CE76300B567CB /* CloudAPIClientExtension.swift */,
				670110CF1C955FED00ECC79F /* MusicFeederAPIClient.swift */,
				67FBBE401B6CE76300B567CB /* XCDYouTubeClient.swift */,
				67FBBE2D1B6CE61C00B567CB /* Info.plist */,
			);
			name = Source;
			path = FeedlyClient;
			sourceTree = "<group>";
		};
		67FBBE151B6CE43100B567CB /* Spec */ = {
			isa = PBXGroup;
			children = (
				679C51D61B70E44000BE6614 /* PlaylistSpec.swift */,
				679C51D71B70E44000BE6614 /* SpecHelper.swift */,
				679C51D81B70E44000BE6614 /* TrackSpec.swift */,
				67FBBE271B6CE4EF00B567CB /* Info.plist */,
				670110CB1C95592A00ECC79F /* FeedlyAPISpec.swift */,
			);
			name = Spec;
			path = FeedlyClientTests;
			sourceTree = "<group>";
		};
/* End PBXGroup section */

/* Begin PBXHeadersBuildPhase section */
		679C52791B70F24A00BE6614 /* Headers */ = {
			isa = PBXHeadersBuildPhase;
			buildActionMask = 2147483647;
			files = (
			);
			runOnlyForDeploymentPostprocessing = 0;
		};
/* End PBXHeadersBuildPhase section */

/* Begin PBXNativeTarget section */
		679C527B1B70F24A00BE6614 /* MusicFeeder-iOS */ = {
			isa = PBXNativeTarget;
			buildConfigurationList = 679C528F1B70F24A00BE6614 /* Build configuration list for PBXNativeTarget "MusicFeeder-iOS" */;
			buildPhases = (
				679C52771B70F24A00BE6614 /* Sources */,
				679C52781B70F24A00BE6614 /* Frameworks */,
				679C52791B70F24A00BE6614 /* Headers */,
				679C527A1B70F24A00BE6614 /* Resources */,
			);
			buildRules = (
			);
			dependencies = (
			);
			name = "MusicFeeder-iOS";
			productName = "MusicFeeder-iOS";
			productReference = 679C527C1B70F24A00BE6614 /* MusicFeeder.framework */;
			productType = "com.apple.product-type.framework";
		};
		679C52851B70F24A00BE6614 /* MusicFeeder-iOSTests */ = {
			isa = PBXNativeTarget;
			buildConfigurationList = 679C52921B70F24A00BE6614 /* Build configuration list for PBXNativeTarget "MusicFeeder-iOSTests" */;
			buildPhases = (
				679C52821B70F24A00BE6614 /* Sources */,
				679C52831B70F24A00BE6614 /* Frameworks */,
				679C52841B70F24A00BE6614 /* Resources */,
				679C53161B70F63A00BE6614 /* CopyFiles */,
			);
			buildRules = (
			);
			dependencies = (
				679C52891B70F24A00BE6614 /* PBXTargetDependency */,
			);
			name = "MusicFeeder-iOSTests";
			productName = "MusicFeeder-iOSTests";
			productReference = 679C52861B70F24A00BE6614 /* MusicFeeder-iOSTests.xctest */;
			productType = "com.apple.product-type.bundle.unit-test";
		};
/* End PBXNativeTarget section */

/* Begin PBXProject section */
		67FBBDFD1B6CE43100B567CB /* Project object */ = {
			isa = PBXProject;
			attributes = {
				LastSwiftMigration = 0700;
				LastSwiftUpdateCheck = 0700;
				LastUpgradeCheck = 0700;
				ORGANIZATIONNAME = kumabook;
				TargetAttributes = {
					679C527B1B70F24A00BE6614 = {
						CreatedOnToolsVersion = 6.4;
					};
					679C52851B70F24A00BE6614 = {
						CreatedOnToolsVersion = 6.4;
					};
				};
			};
			buildConfigurationList = 67FBBE001B6CE43100B567CB /* Build configuration list for PBXProject "MusicFeeder" */;
			compatibilityVersion = "Xcode 3.2";
			developmentRegion = English;
			hasScannedForEncodings = 0;
			knownRegions = (
				en,
			);
			mainGroup = 67FBBDFC1B6CE43100B567CB;
			productRefGroup = 67FBBE071B6CE43100B567CB /* Products */;
			projectDirPath = "";
			projectRoot = "";
			targets = (
				679C527B1B70F24A00BE6614 /* MusicFeeder-iOS */,
				679C52851B70F24A00BE6614 /* MusicFeeder-iOSTests */,
			);
		};
/* End PBXProject section */

/* Begin PBXResourcesBuildPhase section */
		679C527A1B70F24A00BE6614 /* Resources */ = {
			isa = PBXResourcesBuildPhase;
			buildActionMask = 2147483647;
			files = (
			);
			runOnlyForDeploymentPostprocessing = 0;
		};
		679C52841B70F24A00BE6614 /* Resources */ = {
			isa = PBXResourcesBuildPhase;
			buildActionMask = 2147483647;
			files = (
				679C52F41B70F3FC00BE6614 /* playlist.json in Resources */,
				679C52F51B70F3FC00BE6614 /* track.json in Resources */,
			);
			runOnlyForDeploymentPostprocessing = 0;
		};
/* End PBXResourcesBuildPhase section */

/* Begin PBXSourcesBuildPhase section */
		679C52771B70F24A00BE6614 /* Sources */ = {
			isa = PBXSourcesBuildPhase;
			buildActionMask = 2147483647;
			files = (
				679C52D51B70F3DD00BE6614 /* PinkSpiderAPIClient.swift in Sources */,
				679C52D61B70F3DD00BE6614 /* Playlist.swift in Sources */,
				670110D01C955FED00ECC79F /* MusicFeederAPIClient.swift in Sources */,
				679C52D71B70F3DD00BE6614 /* PlaylistLoader.swift in Sources */,
				6705761C1BDE73A00087063A /* HistoryLoader.swift in Sources */,
				67AD468C1C0F2C2E0058E176 /* ListenItLaterEntryStore.swift in Sources */,
				679C52D81B70F3DD00BE6614 /* PlaylistStore.swift in Sources */,
				67BCCEA91CAFBF6E00310AF3 /* TrackStream.swift in Sources */,
				679C52DA1B70F3DD00BE6614 /* StreamLoader.swift in Sources */,
				678305831B987B9600A83F52 /* SubscriptionStore.swift in Sources */,
				679C52DB1B70F3DD00BE6614 /* Track.swift in Sources */,
				67D7F3461CAD33DE00C173B4 /* TrackStreamLoader.swift in Sources */,
				679C52DC1B70F3DD00BE6614 /* TrackStore.swift in Sources */,
				679C52DE1B70F3DD00BE6614 /* Category.swift in Sources */,
				678305851B9897A000A83F52 /* CategoryStore.swift in Sources */,
				67D7F34A1CAD348200C173B4 /* PaginatedCollectionLoader.swift in Sources */,
				671132831BC1212E00A036B0 /* SavedStreamLoader.swift in Sources */,
				671132821BC1212E00A036B0 /* EntryStore.swift in Sources */,
				6705761A1BDE60400087063A /* HistoryStore.swift in Sources */,
				671841DE1CD2D40B005904EF /* Topic.swift in Sources */,
				670576221BE4E9C60087063A /* History.swift in Sources */,
				679C52E01B70F3DD00BE6614 /* Entry.swift in Sources */,
				679C52E11B70F3DD00BE6614 /* CloudAPIClientExtension.swift in Sources */,
				671841E71CD2E1E2005904EF /* TopicRepository.swift in Sources */,
				679C52E31B70F3DD00BE6614 /* StreamListLoader.swift in Sources */,
				679C53521B72385900BE6614 /* Player.swift in Sources */,
				67120B3F1C18821C00240F8B /* RealmMigration.swift in Sources */,
				679C52E51B70F3DD00BE6614 /* XCDYouTubeClient.swift in Sources */,
			);
			runOnlyForDeploymentPostprocessing = 0;
		};
		679C52821B70F24A00BE6614 /* Sources */ = {
			isa = PBXSourcesBuildPhase;
			buildActionMask = 2147483647;
			files = (
				679C532F1B70F6A900BE6614 /* PlaylistSpec.swift in Sources */,
				670110CC1C95592A00ECC79F /* FeedlyAPISpec.swift in Sources */,
				679C532E1B70F69500BE6614 /* TrackSpec.swift in Sources */,
				679C532D1B70F68600BE6614 /* SpecHelper.swift in Sources */,
			);
			runOnlyForDeploymentPostprocessing = 0;
		};
/* End PBXSourcesBuildPhase section */

/* Begin PBXTargetDependency section */
		679C52891B70F24A00BE6614 /* PBXTargetDependency */ = {
			isa = PBXTargetDependency;
			target = 679C527B1B70F24A00BE6614 /* MusicFeeder-iOS */;
			targetProxy = 679C52881B70F24A00BE6614 /* PBXContainerItemProxy */;
		};
/* End PBXTargetDependency section */

/* Begin XCBuildConfiguration section */
		679C52901B70F24A00BE6614 /* Debug */ = {
			isa = XCBuildConfiguration;
			buildSettings = {
				DEFINES_MODULE = YES;
				DYLIB_COMPATIBILITY_VERSION = 1;
				DYLIB_CURRENT_VERSION = 1;
				DYLIB_INSTALL_NAME_BASE = "@rpath";
				FRAMEWORK_SEARCH_PATHS = (
					"$(inherited)",
					"$(PROJECT_DIR)/Carthage/Build/iOS",
				);
				GCC_PREPROCESSOR_DEFINITIONS = (
					"DEBUG=1",
					"$(inherited)",
				);
				INFOPLIST_FILE = "$(SRCROOT)/Source/Info.plist";
				INSTALL_PATH = "$(LOCAL_LIBRARY_DIR)/Frameworks";
				IPHONEOS_DEPLOYMENT_TARGET = 8.0;
				LD_RUNPATH_SEARCH_PATHS = "$(inherited) @executable_path/Frameworks @loader_path/Frameworks";
				PRODUCT_BUNDLE_IDENTIFIER = "io.kumabook.$(PRODUCT_NAME:rfc1034identifier)";
				PRODUCT_NAME = "$(PROJECT_NAME)";
				SKIP_INSTALL = YES;
			};
			name = Debug;
		};
		679C52911B70F24A00BE6614 /* Release */ = {
			isa = XCBuildConfiguration;
			buildSettings = {
				DEFINES_MODULE = YES;
				DYLIB_COMPATIBILITY_VERSION = 1;
				DYLIB_CURRENT_VERSION = 1;
				DYLIB_INSTALL_NAME_BASE = "@rpath";
				FRAMEWORK_SEARCH_PATHS = (
					"$(inherited)",
					"$(PROJECT_DIR)/Carthage/Build/iOS",
				);
				INFOPLIST_FILE = "$(SRCROOT)/Source/Info.plist";
				INSTALL_PATH = "$(LOCAL_LIBRARY_DIR)/Frameworks";
				IPHONEOS_DEPLOYMENT_TARGET = 8.0;
				LD_RUNPATH_SEARCH_PATHS = "$(inherited) @executable_path/Frameworks @loader_path/Frameworks";
				PRODUCT_BUNDLE_IDENTIFIER = "io.kumabook.$(PRODUCT_NAME:rfc1034identifier)";
				PRODUCT_NAME = "$(PROJECT_NAME)";
				SKIP_INSTALL = YES;
			};
			name = Release;
		};
		679C52931B70F24A00BE6614 /* Debug */ = {
			isa = XCBuildConfiguration;
			buildSettings = {
				FRAMEWORK_SEARCH_PATHS = (
					"$(inherited)",
					"$(PROJECT_DIR)/Carthage/Build/iOS",
				);
				GCC_PREPROCESSOR_DEFINITIONS = (
					"DEBUG=1",
					"$(inherited)",
				);
				INFOPLIST_FILE = Spec/Info.plist;
				IPHONEOS_DEPLOYMENT_TARGET = 8.4;
				LD_RUNPATH_SEARCH_PATHS = "$(inherited) @executable_path/Frameworks @loader_path/Frameworks";
				PRODUCT_BUNDLE_IDENTIFIER = "io.kumabook.$(PRODUCT_NAME:rfc1034identifier)";
				PRODUCT_NAME = "$(TARGET_NAME)";
			};
			name = Debug;
		};
		679C52941B70F24A00BE6614 /* Release */ = {
			isa = XCBuildConfiguration;
			buildSettings = {
				FRAMEWORK_SEARCH_PATHS = (
					"$(inherited)",
					"$(PROJECT_DIR)/Carthage/Build/iOS",
				);
				INFOPLIST_FILE = Spec/Info.plist;
				IPHONEOS_DEPLOYMENT_TARGET = 8.4;
				LD_RUNPATH_SEARCH_PATHS = "$(inherited) @executable_path/Frameworks @loader_path/Frameworks";
				PRODUCT_BUNDLE_IDENTIFIER = "io.kumabook.$(PRODUCT_NAME:rfc1034identifier)";
				PRODUCT_NAME = "$(TARGET_NAME)";
			};
			name = Release;
		};
		67FBBE1A1B6CE43100B567CB /* Debug */ = {
			isa = XCBuildConfiguration;
			buildSettings = {
				ALWAYS_SEARCH_USER_PATHS = NO;
				CLANG_CXX_LANGUAGE_STANDARD = "gnu++0x";
				CLANG_CXX_LIBRARY = "libc++";
				CLANG_ENABLE_MODULES = YES;
				CLANG_ENABLE_OBJC_ARC = YES;
				CLANG_WARN_BOOL_CONVERSION = YES;
				CLANG_WARN_CONSTANT_CONVERSION = YES;
				CLANG_WARN_DIRECT_OBJC_ISA_USAGE = YES_ERROR;
				CLANG_WARN_EMPTY_BODY = YES;
				CLANG_WARN_ENUM_CONVERSION = YES;
				CLANG_WARN_INT_CONVERSION = YES;
				CLANG_WARN_OBJC_ROOT_CLASS = YES_ERROR;
				CLANG_WARN_UNREACHABLE_CODE = YES;
				CLANG_WARN__DUPLICATE_METHOD_MATCH = YES;
				"CODE_SIGN_IDENTITY[sdk=iphoneos*]" = "iPhone Developer";
				COPY_PHASE_STRIP = NO;
				CURRENT_PROJECT_VERSION = 1;
				DEBUG_INFORMATION_FORMAT = "dwarf-with-dsym";
				ENABLE_STRICT_OBJC_MSGSEND = YES;
				ENABLE_TESTABILITY = YES;
				GCC_C_LANGUAGE_STANDARD = gnu99;
				GCC_DYNAMIC_NO_PIC = NO;
				GCC_NO_COMMON_BLOCKS = YES;
				GCC_OPTIMIZATION_LEVEL = 0;
				GCC_PREPROCESSOR_DEFINITIONS = (
					"DEBUG=1",
					"$(inherited)",
				);
				GCC_SYMBOLS_PRIVATE_EXTERN = NO;
				GCC_WARN_64_TO_32_BIT_CONVERSION = YES;
				GCC_WARN_ABOUT_RETURN_TYPE = YES_ERROR;
				GCC_WARN_UNDECLARED_SELECTOR = YES;
				GCC_WARN_UNINITIALIZED_AUTOS = YES_AGGRESSIVE;
				GCC_WARN_UNUSED_FUNCTION = YES;
				GCC_WARN_UNUSED_VARIABLE = YES;
				IPHONEOS_DEPLOYMENT_TARGET = 8.0;
				MTL_ENABLE_DEBUG_INFO = YES;
				ONLY_ACTIVE_ARCH = YES;
				SDKROOT = iphoneos;
				SWIFT_OPTIMIZATION_LEVEL = "-Onone";
				TARGETED_DEVICE_FAMILY = "1,2";
				VERSIONING_SYSTEM = "apple-generic";
				VERSION_INFO_PREFIX = "";
			};
			name = Debug;
		};
		67FBBE1B1B6CE43100B567CB /* Release */ = {
			isa = XCBuildConfiguration;
			buildSettings = {
				ALWAYS_SEARCH_USER_PATHS = NO;
				CLANG_CXX_LANGUAGE_STANDARD = "gnu++0x";
				CLANG_CXX_LIBRARY = "libc++";
				CLANG_ENABLE_MODULES = YES;
				CLANG_ENABLE_OBJC_ARC = YES;
				CLANG_WARN_BOOL_CONVERSION = YES;
				CLANG_WARN_CONSTANT_CONVERSION = YES;
				CLANG_WARN_DIRECT_OBJC_ISA_USAGE = YES_ERROR;
				CLANG_WARN_EMPTY_BODY = YES;
				CLANG_WARN_ENUM_CONVERSION = YES;
				CLANG_WARN_INT_CONVERSION = YES;
				CLANG_WARN_OBJC_ROOT_CLASS = YES_ERROR;
				CLANG_WARN_UNREACHABLE_CODE = YES;
				CLANG_WARN__DUPLICATE_METHOD_MATCH = YES;
				"CODE_SIGN_IDENTITY[sdk=iphoneos*]" = "iPhone Developer";
				COPY_PHASE_STRIP = NO;
				CURRENT_PROJECT_VERSION = 1;
				DEBUG_INFORMATION_FORMAT = "dwarf-with-dsym";
				ENABLE_NS_ASSERTIONS = NO;
				ENABLE_STRICT_OBJC_MSGSEND = YES;
				GCC_C_LANGUAGE_STANDARD = gnu99;
				GCC_NO_COMMON_BLOCKS = YES;
				GCC_WARN_64_TO_32_BIT_CONVERSION = YES;
				GCC_WARN_ABOUT_RETURN_TYPE = YES_ERROR;
				GCC_WARN_UNDECLARED_SELECTOR = YES;
				GCC_WARN_UNINITIALIZED_AUTOS = YES_AGGRESSIVE;
				GCC_WARN_UNUSED_FUNCTION = YES;
				GCC_WARN_UNUSED_VARIABLE = YES;
				IPHONEOS_DEPLOYMENT_TARGET = 8.0;
				MTL_ENABLE_DEBUG_INFO = NO;
				SDKROOT = iphoneos;
				TARGETED_DEVICE_FAMILY = "1,2";
				VALIDATE_PRODUCT = YES;
				VERSIONING_SYSTEM = "apple-generic";
				VERSION_INFO_PREFIX = "";
			};
			name = Release;
		};
/* End XCBuildConfiguration section */

/* Begin XCConfigurationList section */
		679C528F1B70F24A00BE6614 /* Build configuration list for PBXNativeTarget "MusicFeeder-iOS" */ = {
			isa = XCConfigurationList;
			buildConfigurations = (
				679C52901B70F24A00BE6614 /* Debug */,
				679C52911B70F24A00BE6614 /* Release */,
			);
			defaultConfigurationIsVisible = 0;
			defaultConfigurationName = Release;
		};
		679C52921B70F24A00BE6614 /* Build configuration list for PBXNativeTarget "MusicFeeder-iOSTests" */ = {
			isa = XCConfigurationList;
			buildConfigurations = (
				679C52931B70F24A00BE6614 /* Debug */,
				679C52941B70F24A00BE6614 /* Release */,
			);
			defaultConfigurationIsVisible = 0;
			defaultConfigurationName = Release;
		};
		67FBBE001B6CE43100B567CB /* Build configuration list for PBXProject "MusicFeeder" */ = {
			isa = XCConfigurationList;
			buildConfigurations = (
				67FBBE1A1B6CE43100B567CB /* Debug */,
				67FBBE1B1B6CE43100B567CB /* Release */,
			);
			defaultConfigurationIsVisible = 0;
			defaultConfigurationName = Release;
		};
/* End XCConfigurationList section */
	};
	rootObject = 67FBBDFD1B6CE43100B567CB /* Project object */;
}
